# This file is automatically @generated by Wally.
# It is not intended for manual editing.
registry = "test"

[[package]]
name = "csqrl/sift"
version = "0.0.9"
dependencies = []

[[package]]
name = "elttob/fusion"
version = "0.3.0"
dependencies = []

[[package]]
name = "evaera/promise"
version = "4.0.0"
dependencies = []

[[package]]
name = "herfave/roblox-project-template"
version = "0.1.0"
dependencies = [["Comm", "sleitnick/comm@1.0.1"], ["EnumList", "sleitnick/enum-list@2.1.0"], ["Fusion", "elttob/fusion@0.3.0"], ["Input", "sleitnick/input@2.3.0"], ["Iris", "sirmallard/iris@2.5.0"], ["Janitor", "howmanysmall/janitor@1.18.3"], ["ObjectCache", "pyseph/objectcache@1.4.6"], ["Promise", "evaera/promise@4.0.0"], ["Sift", "csqrl/sift@0.0.9"], ["Signal", "sleitnick/signal@2.0.3"], ["TableUtil", "sleitnick/table-util@1.2.1"], ["Timer", "sleitnick/timer@1.1.2"], ["WaitFor", "sleitnick/wait-for@0.2.2"], ["Lyra", "paradoxum-games/lyra@0.6.0"]]

[[package]]
name = "howmanysmall/janitor"
version = "1.18.3"
dependencies = [["Promise", "howmanysmall/typed-promise@4.0.6"]]

[[package]]
name = "howmanysmall/typed-promise"
version = "4.0.6"
dependencies = [["Promise", "evaera/promise@4.0.0"]]

[[package]]
name = "osyrisrblx/t"
version = "3.1.1"
dependencies = []

[[package]]
name = "paradoxum-games/lyra"
version = "0.6.0"
dependencies = [["Promise", "evaera/promise@4.0.0"], ["t", "osyrisrblx/t@3.1.1"]]

[[package]]
name = "pyseph/objectcache"
version = "1.4.6"
dependencies = []

[[package]]
name = "sirmallard/iris"
version = "2.5.0"
dependencies = []

[[package]]
name = "sleitnick/comm"
version = "1.0.1"
dependencies = [["Option", "sleitnick/option@1.0.5"], ["Promise", "evaera/promise@4.0.0"], ["Signal", "sleitnick/signal@2.0.3"]]

[[package]]
name = "sleitnick/enum-list"
version = "2.1.0"
dependencies = []

[[package]]
name = "sleitnick/input"
version = "2.3.0"
dependencies = [["Signal", "sleitnick/signal@2.0.3"], ["Trove", "sleitnick/trove@1.5.1"]]

[[package]]
name = "sleitnick/option"
version = "1.0.5"
dependencies = []

[[package]]
name = "sleitnick/signal"
version = "1.5.0"
dependencies = []

[[package]]
name = "sleitnick/signal"
version = "2.0.3"
dependencies = []

[[package]]
name = "sleitnick/table-util"
version = "1.2.1"
dependencies = []

[[package]]
name = "sleitnick/timer"
version = "1.1.2"
dependencies = [["Signal", "sleitnick/signal@1.5.0"]]

[[package]]
name = "sleitnick/trove"
version = "1.5.1"
dependencies = []

[[package]]
name = "sleitnick/wait-for"
version = "0.2.2"
dependencies = [["Promise", "evaera/promise@4.0.0"]]
